
Microsoft Visual Studio Solution File, Format Version 12.00
# Visual Studio Version 16
VisualStudioVersion = 16.0.32510.428
MinimumVisualStudioVersion = 10.0.40219.1
Project("{FAE04EC0-301F-11D3-BF4B-00C04F79EFBC}") = "3D renderer", "3D renderer.csproj", "{793F3D5D-527A-47B3-B840-C904300F0628}"
EndProject
Global
	GlobalSection(SolutionConfigurationPlatforms) = preSolution
		Debug|Any CPU = Debug|Any CPU
		Release|Any CPU = Release|Any CPU
	EndGlobalSection
	GlobalSection(ProjectConfigurationPlatforms) = postSolution
		{793F3D5D-527A-47B3-B840-C904300F0628}.Debug|Any CPU.ActiveCfg = Debug|Any CPU
		{793F3D5D-527A-47B3-B840-C904300F0628}.Debug|Any CPU.Build.0 = Debug|Any CPU
		{793F3D5D-527A-47B3-B840-C904300F0628}.Release|Any CPU.ActiveCfg = Release|Any CPU
		{793F3D5D-527A-47B3-B840-C904300F0628}.Release|Any CPU.Build.0 = Release|Any CPU
	EndGlobalSection
	GlobalSection(SolutionProperties) = preSolution
		HideSolutionNode = FALSE
	EndGlobalSection
	GlobalSection(ExtensibilityGlobals) = postSolution
		SolutionGuid = {B0EA8198-8C99-454E-8C5F-8B055F835139}
	EndGlobalSection
EndGlobal
